
Microsoft Visual Studio Solution File, Format Version 12.00
# Visual Studio Version 17
VisualStudioVersion = 17.8.34309.116
MinimumVisualStudioVersion = 10.0.40219.1
Project("{FAE04EC0-301F-11D3-BF4B-00C04F79EFBC}") = "webapi3", "webapi3\webapi3.csproj", "{0B8887F3-2ADE-4FC0-938B-C1F5BAC31893}"
EndProject
Global
	GlobalSection(SolutionConfigurationPlatforms) = preSolution
		Debug|Any CPU = Debug|Any CPU
		Release|Any CPU = Release|Any CPU
	EndGlobalSection
	GlobalSection(ProjectConfigurationPlatforms) = postSolution
		{0B8887F3-2ADE-4FC0-938B-C1F5BAC31893}.Debug|Any CPU.ActiveCfg = Debug|Any CPU
		{0B8887F3-2ADE-4FC0-938B-C1F5BAC31893}.Debug|Any CPU.Build.0 = Debug|Any CPU
		{0B8887F3-2ADE-4FC0-938B-C1F5BAC31893}.Release|Any CPU.ActiveCfg = Release|Any CPU
		{0B8887F3-2ADE-4FC0-938B-C1F5BAC31893}.Release|Any CPU.Build.0 = Release|Any CPU
	EndGlobalSection
	GlobalSection(SolutionProperties) = preSolution
		HideSolutionNode = FALSE
	EndGlobalSection
	GlobalSection(ExtensibilityGlobals) = postSolution
		SolutionGuid = {C9CFB78A-00EE-47D2-9D30-3B439B556E71}
	EndGlobalSection
EndGlobal
